
Microsoft Visual Studio Solution File, Format Version 12.00
# Visual Studio Version 16
VisualStudioVersion = 16.0.31624.102
MinimumVisualStudioVersion = 10.0.40219.1
Project("{9A19103F-16F7-4668-BE54-9A1E7A4F7556}") = "ClassLibraryTicketSystem", "ClassLibraryTicketSystem\ClassLibraryTicketSystem.csproj", "{E03253D9-5B87-43D4-A478-8ED05ED2C266}"
EndProject
Project("{9A19103F-16F7-4668-BE54-9A1E7A4F7556}") = "ClassLibraryTicketSystemTests1", "ClassLibraryTicketSystemTests1\ClassLibraryTicketSystemTests1.csproj", "{890AFFEE-800E-4B7E-9C2C-DC1BAE9D285A}"
EndProject
Project("{9A19103F-16F7-4668-BE54-9A1E7A4F7556}") = "StoreBaeltTicketLibrary", "StoreBaeltTicketLibrary\StoreBaeltTicketLibrary.csproj", "{63849FC7-1254-41F0-8523-6B25BB0957A1}"
EndProject
Project("{9A19103F-16F7-4668-BE54-9A1E7A4F7556}") = "StoreBaeltTicketLibraryTests", "StoreBaeltTicketLibraryTests\StoreBaeltTicketLibraryTests.csproj", "{3CD503DD-3EF9-4685-BAAB-6C173DEBE1A2}"
EndProject
Project("{9A19103F-16F7-4668-BE54-9A1E7A4F7556}") = "OresundBron", "OresundBron\OresundBron.csproj", "{AF0BDC1E-FC76-4D04-BB3A-7AF4D6B536F0}"
EndProject
Project("{FAE04EC0-301F-11D3-BF4B-00C04F79EFBC}") = "OresundBronTests", "OresundBronTests\OresundBronTests.csproj", "{1093FB2F-010B-4ABF-80FE-1772DE4EACBB}"
EndProject
Global
	GlobalSection(SolutionConfigurationPlatforms) = preSolution
		Debug|Any CPU = Debug|Any CPU
		Release|Any CPU = Release|Any CPU
	EndGlobalSection
	GlobalSection(ProjectConfigurationPlatforms) = postSolution
		{E03253D9-5B87-43D4-A478-8ED05ED2C266}.Debug|Any CPU.ActiveCfg = Debug|Any CPU
		{E03253D9-5B87-43D4-A478-8ED05ED2C266}.Debug|Any CPU.Build.0 = Debug|Any CPU
		{E03253D9-5B87-43D4-A478-8ED05ED2C266}.Release|Any CPU.ActiveCfg = Release|Any CPU
		{E03253D9-5B87-43D4-A478-8ED05ED2C266}.Release|Any CPU.Build.0 = Release|Any CPU
		{890AFFEE-800E-4B7E-9C2C-DC1BAE9D285A}.Debug|Any CPU.ActiveCfg = Debug|Any CPU
		{890AFFEE-800E-4B7E-9C2C-DC1BAE9D285A}.Debug|Any CPU.Build.0 = Debug|Any CPU
		{890AFFEE-800E-4B7E-9C2C-DC1BAE9D285A}.Release|Any CPU.ActiveCfg = Release|Any CPU
		{890AFFEE-800E-4B7E-9C2C-DC1BAE9D285A}.Release|Any CPU.Build.0 = Release|Any CPU
		{63849FC7-1254-41F0-8523-6B25BB0957A1}.Debug|Any CPU.ActiveCfg = Debug|Any CPU
		{63849FC7-1254-41F0-8523-6B25BB0957A1}.Debug|Any CPU.Build.0 = Debug|Any CPU
		{63849FC7-1254-41F0-8523-6B25BB0957A1}.Release|Any CPU.ActiveCfg = Release|Any CPU
		{63849FC7-1254-41F0-8523-6B25BB0957A1}.Release|Any CPU.Build.0 = Release|Any CPU
		{3CD503DD-3EF9-4685-BAAB-6C173DEBE1A2}.Debug|Any CPU.ActiveCfg = Debug|Any CPU
		{3CD503DD-3EF9-4685-BAAB-6C173DEBE1A2}.Debug|Any CPU.Build.0 = Debug|Any CPU
		{3CD503DD-3EF9-4685-BAAB-6C173DEBE1A2}.Release|Any CPU.ActiveCfg = Release|Any CPU
		{3CD503DD-3EF9-4685-BAAB-6C173DEBE1A2}.Release|Any CPU.Build.0 = Release|Any CPU
		{AF0BDC1E-FC76-4D04-BB3A-7AF4D6B536F0}.Debug|Any CPU.ActiveCfg = Debug|Any CPU
		{AF0BDC1E-FC76-4D04-BB3A-7AF4D6B536F0}.Debug|Any CPU.Build.0 = Debug|Any CPU
		{AF0BDC1E-FC76-4D04-BB3A-7AF4D6B536F0}.Release|Any CPU.ActiveCfg = Release|Any CPU
		{AF0BDC1E-FC76-4D04-BB3A-7AF4D6B536F0}.Release|Any CPU.Build.0 = Release|Any CPU
		{1093FB2F-010B-4ABF-80FE-1772DE4EACBB}.Debug|Any CPU.ActiveCfg = Debug|Any CPU
		{1093FB2F-010B-4ABF-80FE-1772DE4EACBB}.Debug|Any CPU.Build.0 = Debug|Any CPU
		{1093FB2F-010B-4ABF-80FE-1772DE4EACBB}.Release|Any CPU.ActiveCfg = Release|Any CPU
		{1093FB2F-010B-4ABF-80FE-1772DE4EACBB}.Release|Any CPU.Build.0 = Release|Any CPU
	EndGlobalSection
	GlobalSection(SolutionProperties) = preSolution
		HideSolutionNode = FALSE
	EndGlobalSection
	GlobalSection(ExtensibilityGlobals) = postSolution
		SolutionGuid = {2EE0A1AF-F9C6-4136-A0BA-37870B3F0268}
	EndGlobalSection
EndGlobal
